// !$*UTF8*$!
{
	archiveVersion = 1;
	classes = {
	};
	objectVersion = 51;
	objects = {

/* Begin PBXBuildFile section */
		13267DEA47993FED818816AD /* Pods_MobileDataUsageTests.framework in Frameworks */ = {isa = PBXBuildFile; fileRef = 8EEE8D7F8C980FC767E80050 /* Pods_MobileDataUsageTests.framework */; };
		3C3F198D2493C4F400779453 /* RealmTests.swift in Sources */ = {isa = PBXBuildFile; fileRef = 3C3F198C2493C4F400779453 /* RealmTests.swift */; };
		3C3F198F2493CB1000779453 /* WebServiceTests.swift in Sources */ = {isa = PBXBuildFile; fileRef = 3C3F198E2493CB1000779453 /* WebServiceTests.swift */; };
		3C3F19912493D22600779453 /* DetailTests.swift in Sources */ = {isa = PBXBuildFile; fileRef = 3C3F19902493D22600779453 /* DetailTests.swift */; };
		3CBB01C324929F11007CAA97 /* AppConstant.swift in Sources */ = {isa = PBXBuildFile; fileRef = 3CBB01C224929F11007CAA97 /* AppConstant.swift */; };
		3CBB01C524929F6B007CAA97 /* NetworkManager.swift in Sources */ = {isa = PBXBuildFile; fileRef = 3CBB01C424929F6B007CAA97 /* NetworkManager.swift */; };
		3CBB01C724929F8C007CAA97 /* Request.swift in Sources */ = {isa = PBXBuildFile; fileRef = 3CBB01C624929F8C007CAA97 /* Request.swift */; };
		3CBB01C924929FB5007CAA97 /* MobileDataUsage.swift in Sources */ = {isa = PBXBuildFile; fileRef = 3CBB01C824929FB5007CAA97 /* MobileDataUsage.swift */; };
		3CBB01CB24929FCF007CAA97 /* MobileDataUsageResult.swift in Sources */ = {isa = PBXBuildFile; fileRef = 3CBB01CA24929FCF007CAA97 /* MobileDataUsageResult.swift */; };
		3CBB01CD24929FDF007CAA97 /* MobileDataUsageRecord.swift in Sources */ = {isa = PBXBuildFile; fileRef = 3CBB01CC24929FDF007CAA97 /* MobileDataUsageRecord.swift */; };
		3CBB01D02492A02F007CAA97 /* MobileDataUsageService.swift in Sources */ = {isa = PBXBuildFile; fileRef = 3CBB01CF2492A02F007CAA97 /* MobileDataUsageService.swift */; };
		3CBB01D22492A427007CAA97 /* ViewModelDelegate.swift in Sources */ = {isa = PBXBuildFile; fileRef = 3CBB01D12492A427007CAA97 /* ViewModelDelegate.swift */; };
		3CBB01D62492A52E007CAA97 /* HomeViewModel.swift in Sources */ = {isa = PBXBuildFile; fileRef = 3CBB01D52492A52E007CAA97 /* HomeViewModel.swift */; };
		3CBB01D82492AC33007CAA97 /* UIViewControllerExt.swift in Sources */ = {isa = PBXBuildFile; fileRef = 3CBB01D72492AC33007CAA97 /* UIViewControllerExt.swift */; };
		3CBB01E024931E7D007CAA97 /* YearRecord.swift in Sources */ = {isa = PBXBuildFile; fileRef = 3CBB01DF24931E7D007CAA97 /* YearRecord.swift */; };
		3CBB01E224931E9F007CAA97 /* QuarterRecord.swift in Sources */ = {isa = PBXBuildFile; fileRef = 3CBB01E124931E9F007CAA97 /* QuarterRecord.swift */; };
		3CBB01E424932557007CAA97 /* DataTableViewModel.swift in Sources */ = {isa = PBXBuildFile; fileRef = 3CBB01E324932557007CAA97 /* DataTableViewModel.swift */; };
		3CBB01E624934702007CAA97 /* DetailTableViewModel.swift in Sources */ = {isa = PBXBuildFile; fileRef = 3CBB01E524934702007CAA97 /* DetailTableViewModel.swift */; };
		3CBB01E82493479E007CAA97 /* DetailViewModel.swift in Sources */ = {isa = PBXBuildFile; fileRef = 3CBB01E72493479E007CAA97 /* DetailViewModel.swift */; };
		3CBB0202249364D6007CAA97 /* MobileDataUsageUITests.swift in Sources */ = {isa = PBXBuildFile; fileRef = 3CBB0201249364D6007CAA97 /* MobileDataUsageUITests.swift */; };
		3CE67CC42493677900FC3304 /* RealmManager.swift in Sources */ = {isa = PBXBuildFile; fileRef = 3CE67CC32493677900FC3304 /* RealmManager.swift */; };
		3CE67CCB2493A5DA00FC3304 /* sample_data.json in Resources */ = {isa = PBXBuildFile; fileRef = 3CE67CC92493A5C800FC3304 /* sample_data.json */; };
		3CE67CCD2493A5EF00FC3304 /* HomeTests.swift in Sources */ = {isa = PBXBuildFile; fileRef = 3CE67CCC2493A5EF00FC3304 /* HomeTests.swift */; };
		3CE694D7249271C50077BA4D /* AppDelegate.swift in Sources */ = {isa = PBXBuildFile; fileRef = 3CE694D6249271C50077BA4D /* AppDelegate.swift */; };
		3CE694D9249271C50077BA4D /* SceneDelegate.swift in Sources */ = {isa = PBXBuildFile; fileRef = 3CE694D8249271C50077BA4D /* SceneDelegate.swift */; };
		3CE694DE249271C50077BA4D /* Main.storyboard in Resources */ = {isa = PBXBuildFile; fileRef = 3CE694DC249271C50077BA4D /* Main.storyboard */; };
		3CE694E0249271C60077BA4D /* Assets.xcassets in Resources */ = {isa = PBXBuildFile; fileRef = 3CE694DF249271C60077BA4D /* Assets.xcassets */; };
		3CE694E3249271C60077BA4D /* LaunchScreen.storyboard in Resources */ = {isa = PBXBuildFile; fileRef = 3CE694E1249271C60077BA4D /* LaunchScreen.storyboard */; };
		3CE694F1249272A00077BA4D /* HomeViewController.swift in Sources */ = {isa = PBXBuildFile; fileRef = 3CE694F0249272A00077BA4D /* HomeViewController.swift */; };
		3CE694F3249272AF0077BA4D /* DetailViewController.swift in Sources */ = {isa = PBXBuildFile; fileRef = 3CE694F2249272AF0077BA4D /* DetailViewController.swift */; };
		3CE694F8249274950077BA4D /* DataTableViewCell.swift in Sources */ = {isa = PBXBuildFile; fileRef = 3CE694F6249274950077BA4D /* DataTableViewCell.swift */; };
		3CE694F9249274950077BA4D /* DataTableViewCell.xib in Resources */ = {isa = PBXBuildFile; fileRef = 3CE694F7249274950077BA4D /* DataTableViewCell.xib */; };
		3CE694FE249278660077BA4D /* CALayerExt.swift in Sources */ = {isa = PBXBuildFile; fileRef = 3CE694FD249278660077BA4D /* CALayerExt.swift */; };
		3CE6950124928DEA0077BA4D /* DetailTableViewCell.swift in Sources */ = {isa = PBXBuildFile; fileRef = 3CE694FF24928DEA0077BA4D /* DetailTableViewCell.swift */; };
		3CE6950224928DEA0077BA4D /* DetailTableViewCell.xib in Resources */ = {isa = PBXBuildFile; fileRef = 3CE6950024928DEA0077BA4D /* DetailTableViewCell.xib */; };
		413C7D35B8E5CDA1779C0306 /* Pods_MobileDataUsage.framework in Frameworks */ = {isa = PBXBuildFile; fileRef = BBF094531EB62E77981E33BA /* Pods_MobileDataUsage.framework */; };
		C72FAA3BAD94889C81557C5B /* Pods_MobileDataUsage_MobileDataUsageUITests.framework in Frameworks */ = {isa = PBXBuildFile; fileRef = 68713B39D0DE10F7BC14B173 /* Pods_MobileDataUsage_MobileDataUsageUITests.framework */; };
/* End PBXBuildFile section */

/* Begin PBXContainerItemProxy section */
		3CBB0204249364D6007CAA97 /* PBXContainerItemProxy */ = {
			isa = PBXContainerItemProxy;
			containerPortal = 3CE694CB249271C50077BA4D /* Project object */;
			proxyType = 1;
			remoteGlobalIDString = 3CE694D2249271C50077BA4D;
			remoteInfo = MobileDataUsage;
		};
		3CBB02222493653A007CAA97 /* PBXContainerItemProxy */ = {
			isa = PBXContainerItemProxy;
			containerPortal = 3CE694CB249271C50077BA4D /* Project object */;
			proxyType = 1;
			remoteGlobalIDString = 3CE694D2249271C50077BA4D;
			remoteInfo = MobileDataUsage;
		};
/* End PBXContainerItemProxy section */

/* Begin PBXFileReference section */
		11B49154D4486150E85409EE /* Pods-MobileDataUsage-MobileDataUsageUITests.release.xcconfig */ = {isa = PBXFileReference; includeInIndex = 1; lastKnownFileType = text.xcconfig; name = "Pods-MobileDataUsage-MobileDataUsageUITests.release.xcconfig"; path = "Target Support Files/Pods-MobileDataUsage-MobileDataUsageUITests/Pods-MobileDataUsage-MobileDataUsageUITests.release.xcconfig"; sourceTree = "<group>"; };
		2B5F4494FBFD8DF1FD052A29 /* Pods-MobileDataUsageTests.release.xcconfig */ = {isa = PBXFileReference; includeInIndex = 1; lastKnownFileType = text.xcconfig; name = "Pods-MobileDataUsageTests.release.xcconfig"; path = "Target Support Files/Pods-MobileDataUsageTests/Pods-MobileDataUsageTests.release.xcconfig"; sourceTree = "<group>"; };
		3C3F198C2493C4F400779453 /* RealmTests.swift */ = {isa = PBXFileReference; lastKnownFileType = sourcecode.swift; path = RealmTests.swift; sourceTree = "<group>"; };
		3C3F198E2493CB1000779453 /* WebServiceTests.swift */ = {isa = PBXFileReference; lastKnownFileType = sourcecode.swift; path = WebServiceTests.swift; sourceTree = "<group>"; };
		3C3F19902493D22600779453 /* DetailTests.swift */ = {isa = PBXFileReference; lastKnownFileType = sourcecode.swift; path = DetailTests.swift; sourceTree = "<group>"; };
		3CBB01C224929F11007CAA97 /* AppConstant.swift */ = {isa = PBXFileReference; lastKnownFileType = sourcecode.swift; path = AppConstant.swift; sourceTree = "<group>"; };
		3CBB01C424929F6B007CAA97 /* NetworkManager.swift */ = {isa = PBXFileReference; lastKnownFileType = sourcecode.swift; path = NetworkManager.swift; sourceTree = "<group>"; };
		3CBB01C624929F8C007CAA97 /* Request.swift */ = {isa = PBXFileReference; lastKnownFileType = sourcecode.swift; path = Request.swift; sourceTree = "<group>"; };
		3CBB01C824929FB5007CAA97 /* MobileDataUsage.swift */ = {isa = PBXFileReference; lastKnownFileType = sourcecode.swift; path = MobileDataUsage.swift; sourceTree = "<group>"; };
		3CBB01CA24929FCF007CAA97 /* MobileDataUsageResult.swift */ = {isa = PBXFileReference; lastKnownFileType = sourcecode.swift; path = MobileDataUsageResult.swift; sourceTree = "<group>"; };
		3CBB01CC24929FDF007CAA97 /* MobileDataUsageRecord.swift */ = {isa = PBXFileReference; lastKnownFileType = sourcecode.swift; path = MobileDataUsageRecord.swift; sourceTree = "<group>"; };
		3CBB01CF2492A02F007CAA97 /* MobileDataUsageService.swift */ = {isa = PBXFileReference; lastKnownFileType = sourcecode.swift; path = MobileDataUsageService.swift; sourceTree = "<group>"; };
		3CBB01D12492A427007CAA97 /* ViewModelDelegate.swift */ = {isa = PBXFileReference; lastKnownFileType = sourcecode.swift; path = ViewModelDelegate.swift; sourceTree = "<group>"; };
		3CBB01D52492A52E007CAA97 /* HomeViewModel.swift */ = {isa = PBXFileReference; lastKnownFileType = sourcecode.swift; path = HomeViewModel.swift; sourceTree = "<group>"; };
		3CBB01D72492AC33007CAA97 /* UIViewControllerExt.swift */ = {isa = PBXFileReference; lastKnownFileType = sourcecode.swift; path = UIViewControllerExt.swift; sourceTree = "<group>"; };
		3CBB01DF24931E7D007CAA97 /* YearRecord.swift */ = {isa = PBXFileReference; lastKnownFileType = sourcecode.swift; path = YearRecord.swift; sourceTree = "<group>"; };
		3CBB01E124931E9F007CAA97 /* QuarterRecord.swift */ = {isa = PBXFileReference; lastKnownFileType = sourcecode.swift; path = QuarterRecord.swift; sourceTree = "<group>"; };
		3CBB01E324932557007CAA97 /* DataTableViewModel.swift */ = {isa = PBXFileReference; lastKnownFileType = sourcecode.swift; path = DataTableViewModel.swift; sourceTree = "<group>"; };
		3CBB01E524934702007CAA97 /* DetailTableViewModel.swift */ = {isa = PBXFileReference; lastKnownFileType = sourcecode.swift; path = DetailTableViewModel.swift; sourceTree = "<group>"; };
		3CBB01E72493479E007CAA97 /* DetailViewModel.swift */ = {isa = PBXFileReference; lastKnownFileType = sourcecode.swift; path = DetailViewModel.swift; sourceTree = "<group>"; };
		3CBB01FF249364D6007CAA97 /* MobileDataUsageUITests.xctest */ = {isa = PBXFileReference; explicitFileType = wrapper.cfbundle; includeInIndex = 0; path = MobileDataUsageUITests.xctest; sourceTree = BUILT_PRODUCTS_DIR; };
		3CBB0201249364D6007CAA97 /* MobileDataUsageUITests.swift */ = {isa = PBXFileReference; lastKnownFileType = sourcecode.swift; path = MobileDataUsageUITests.swift; sourceTree = "<group>"; };
		3CBB0203249364D6007CAA97 /* Info.plist */ = {isa = PBXFileReference; lastKnownFileType = text.plist.xml; path = Info.plist; sourceTree = "<group>"; };
		3CBB021D2493653A007CAA97 /* MobileDataUsageTests.xctest */ = {isa = PBXFileReference; explicitFileType = wrapper.cfbundle; includeInIndex = 0; path = MobileDataUsageTests.xctest; sourceTree = BUILT_PRODUCTS_DIR; };
		3CBB02212493653A007CAA97 /* Info.plist */ = {isa = PBXFileReference; lastKnownFileType = text.plist.xml; path = Info.plist; sourceTree = "<group>"; };
		3CE67CC32493677900FC3304 /* RealmManager.swift */ = {isa = PBXFileReference; lastKnownFileType = sourcecode.swift; path = RealmManager.swift; sourceTree = "<group>"; };
		3CE67CC92493A5C800FC3304 /* sample_data.json */ = {isa = PBXFileReference; fileEncoding = 4; lastKnownFileType = text.json; path = sample_data.json; sourceTree = "<group>"; };
		3CE67CCC2493A5EF00FC3304 /* HomeTests.swift */ = {isa = PBXFileReference; lastKnownFileType = sourcecode.swift; path = HomeTests.swift; sourceTree = "<group>"; };
		3CE694D3249271C50077BA4D /* MobileDataUsage.app */ = {isa = PBXFileReference; explicitFileType = wrapper.application; includeInIndex = 0; path = MobileDataUsage.app; sourceTree = BUILT_PRODUCTS_DIR; };
		3CE694D6249271C50077BA4D /* AppDelegate.swift */ = {isa = PBXFileReference; lastKnownFileType = sourcecode.swift; path = AppDelegate.swift; sourceTree = "<group>"; };
		3CE694D8249271C50077BA4D /* SceneDelegate.swift */ = {isa = PBXFileReference; lastKnownFileType = sourcecode.swift; path = SceneDelegate.swift; sourceTree = "<group>"; };
		3CE694DD249271C50077BA4D /* Base */ = {isa = PBXFileReference; lastKnownFileType = file.storyboard; name = Base; path = Base.lproj/Main.storyboard; sourceTree = "<group>"; };
		3CE694DF249271C60077BA4D /* Assets.xcassets */ = {isa = PBXFileReference; lastKnownFileType = folder.assetcatalog; path = Assets.xcassets; sourceTree = "<group>"; };
		3CE694E2249271C60077BA4D /* Base */ = {isa = PBXFileReference; lastKnownFileType = file.storyboard; name = Base; path = Base.lproj/LaunchScreen.storyboard; sourceTree = "<group>"; };
		3CE694E4249271C60077BA4D /* Info.plist */ = {isa = PBXFileReference; lastKnownFileType = text.plist.xml; path = Info.plist; sourceTree = "<group>"; };
		3CE694F0249272A00077BA4D /* HomeViewController.swift */ = {isa = PBXFileReference; lastKnownFileType = sourcecode.swift; path = HomeViewController.swift; sourceTree = "<group>"; };
		3CE694F2249272AF0077BA4D /* DetailViewController.swift */ = {isa = PBXFileReference; lastKnownFileType = sourcecode.swift; path = DetailViewController.swift; sourceTree = "<group>"; };
		3CE694F6249274950077BA4D /* DataTableViewCell.swift */ = {isa = PBXFileReference; lastKnownFileType = sourcecode.swift; path = DataTableViewCell.swift; sourceTree = "<group>"; };
		3CE694F7249274950077BA4D /* DataTableViewCell.xib */ = {isa = PBXFileReference; lastKnownFileType = file.xib; path = DataTableViewCell.xib; sourceTree = "<group>"; };
		3CE694FD249278660077BA4D /* CALayerExt.swift */ = {isa = PBXFileReference; lastKnownFileType = sourcecode.swift; path = CALayerExt.swift; sourceTree = "<group>"; };
		3CE694FF24928DEA0077BA4D /* DetailTableViewCell.swift */ = {isa = PBXFileReference; lastKnownFileType = sourcecode.swift; path = DetailTableViewCell.swift; sourceTree = "<group>"; };
		3CE6950024928DEA0077BA4D /* DetailTableViewCell.xib */ = {isa = PBXFileReference; lastKnownFileType = file.xib; path = DetailTableViewCell.xib; sourceTree = "<group>"; };
		5CF5CB7FEA3D2FFFC0AE0F61 /* Pods-MobileDataUsage-MobileDataUsageUITests.debug.xcconfig */ = {isa = PBXFileReference; includeInIndex = 1; lastKnownFileType = text.xcconfig; name = "Pods-MobileDataUsage-MobileDataUsageUITests.debug.xcconfig"; path = "Target Support Files/Pods-MobileDataUsage-MobileDataUsageUITests/Pods-MobileDataUsage-MobileDataUsageUITests.debug.xcconfig"; sourceTree = "<group>"; };
		62D067D0CF8DDD672244B08A /* Pods-MobileDataUsageTests.debug.xcconfig */ = {isa = PBXFileReference; includeInIndex = 1; lastKnownFileType = text.xcconfig; name = "Pods-MobileDataUsageTests.debug.xcconfig"; path = "Target Support Files/Pods-MobileDataUsageTests/Pods-MobileDataUsageTests.debug.xcconfig"; sourceTree = "<group>"; };
		62E8DEDAA76DC89B52C6ECFC /* Pods-MobileDataUsage.debug.xcconfig */ = {isa = PBXFileReference; includeInIndex = 1; lastKnownFileType = text.xcconfig; name = "Pods-MobileDataUsage.debug.xcconfig"; path = "Target Support Files/Pods-MobileDataUsage/Pods-MobileDataUsage.debug.xcconfig"; sourceTree = "<group>"; };
		68713B39D0DE10F7BC14B173 /* Pods_MobileDataUsage_MobileDataUsageUITests.framework */ = {isa = PBXFileReference; explicitFileType = wrapper.framework; includeInIndex = 0; path = Pods_MobileDataUsage_MobileDataUsageUITests.framework; sourceTree = BUILT_PRODUCTS_DIR; };
		8EEE8D7F8C980FC767E80050 /* Pods_MobileDataUsageTests.framework */ = {isa = PBXFileReference; explicitFileType = wrapper.framework; includeInIndex = 0; path = Pods_MobileDataUsageTests.framework; sourceTree = BUILT_PRODUCTS_DIR; };
		BBF094531EB62E77981E33BA /* Pods_MobileDataUsage.framework */ = {isa = PBXFileReference; explicitFileType = wrapper.framework; includeInIndex = 0; path = Pods_MobileDataUsage.framework; sourceTree = BUILT_PRODUCTS_DIR; };
		E43E9F6B57F616467CC73388 /* Pods-MobileDataUsage.release.xcconfig */ = {isa = PBXFileReference; includeInIndex = 1; lastKnownFileType = text.xcconfig; name = "Pods-MobileDataUsage.release.xcconfig"; path = "Target Support Files/Pods-MobileDataUsage/Pods-MobileDataUsage.release.xcconfig"; sourceTree = "<group>"; };
/* End PBXFileReference section */

/* Begin PBXFrameworksBuildPhase section */
		3CBB01FC249364D6007CAA97 /* Frameworks */ = {
			isa = PBXFrameworksBuildPhase;
			buildActionMask = 2147483647;
			files = (
				C72FAA3BAD94889C81557C5B /* Pods_MobileDataUsage_MobileDataUsageUITests.framework in Frameworks */,
			);
			runOnlyForDeploymentPostprocessing = 0;
		};
		3CBB021A2493653A007CAA97 /* Frameworks */ = {
			isa = PBXFrameworksBuildPhase;
			buildActionMask = 2147483647;
			files = (
				13267DEA47993FED818816AD /* Pods_MobileDataUsageTests.framework in Frameworks */,
			);
			runOnlyForDeploymentPostprocessing = 0;
		};
		3CE694D0249271C50077BA4D /* Frameworks */ = {
			isa = PBXFrameworksBuildPhase;
			buildActionMask = 2147483647;
			files = (
				413C7D35B8E5CDA1779C0306 /* Pods_MobileDataUsage.framework in Frameworks */,
			);
			runOnlyForDeploymentPostprocessing = 0;
		};
/* End PBXFrameworksBuildPhase section */

/* Begin PBXGroup section */
		1D791C5C5B42B2216DE361A1 /* Frameworks */ = {
			isa = PBXGroup;
			children = (
				BBF094531EB62E77981E33BA /* Pods_MobileDataUsage.framework */,
				68713B39D0DE10F7BC14B173 /* Pods_MobileDataUsage_MobileDataUsageUITests.framework */,
				8EEE8D7F8C980FC767E80050 /* Pods_MobileDataUsageTests.framework */,
			);
			name = Frameworks;
			sourceTree = "<group>";
		};
		23030EFC485960E10239C9E7 /* Pods */ = {
			isa = PBXGroup;
			children = (
				62E8DEDAA76DC89B52C6ECFC /* Pods-MobileDataUsage.debug.xcconfig */,
				E43E9F6B57F616467CC73388 /* Pods-MobileDataUsage.release.xcconfig */,
				5CF5CB7FEA3D2FFFC0AE0F61 /* Pods-MobileDataUsage-MobileDataUsageUITests.debug.xcconfig */,
				11B49154D4486150E85409EE /* Pods-MobileDataUsage-MobileDataUsageUITests.release.xcconfig */,
				62D067D0CF8DDD672244B08A /* Pods-MobileDataUsageTests.debug.xcconfig */,
				2B5F4494FBFD8DF1FD052A29 /* Pods-MobileDataUsageTests.release.xcconfig */,
			);
			path = Pods;
			sourceTree = "<group>";
		};
		3CBB01CE2492A013007CAA97 /* WebService */ = {
			isa = PBXGroup;
			children = (
				3CBB01CF2492A02F007CAA97 /* MobileDataUsageService.swift */,
			);
			path = WebService;
			sourceTree = "<group>";
		};
		3CBB0200249364D6007CAA97 /* MobileDataUsageUITests */ = {
			isa = PBXGroup;
			children = (
				3CBB0201249364D6007CAA97 /* MobileDataUsageUITests.swift */,
				3CBB0203249364D6007CAA97 /* Info.plist */,
			);
			path = MobileDataUsageUITests;
			sourceTree = "<group>";
		};
		3CBB021E2493653A007CAA97 /* MobileDataUsageTests */ = {
			isa = PBXGroup;
			children = (
				3CE67CC92493A5C800FC3304 /* sample_data.json */,
				3CE67CCC2493A5EF00FC3304 /* HomeTests.swift */,
				3C3F19902493D22600779453 /* DetailTests.swift */,
				3C3F198C2493C4F400779453 /* RealmTests.swift */,
				3C3F198E2493CB1000779453 /* WebServiceTests.swift */,
				3CBB02212493653A007CAA97 /* Info.plist */,
			);
			path = MobileDataUsageTests;
			sourceTree = "<group>";
		};
		3CE67CC2249366DD00FC3304 /* Manager */ = {
			isa = PBXGroup;
			children = (
				3CE67CC32493677900FC3304 /* RealmManager.swift */,
			);
			path = Manager;
			sourceTree = "<group>";
		};
		3CE694CA249271C50077BA4D = {
			isa = PBXGroup;
			children = (
				3CE694D5249271C50077BA4D /* MobileDataUsage */,
				3CBB021E2493653A007CAA97 /* MobileDataUsageTests */,
				3CBB0200249364D6007CAA97 /* MobileDataUsageUITests */,
				3CE694D4249271C50077BA4D /* Products */,
				23030EFC485960E10239C9E7 /* Pods */,
				1D791C5C5B42B2216DE361A1 /* Frameworks */,
			);
			sourceTree = "<group>";
		};
		3CE694D4249271C50077BA4D /* Products */ = {
			isa = PBXGroup;
			children = (
				3CE694D3249271C50077BA4D /* MobileDataUsage.app */,
				3CBB01FF249364D6007CAA97 /* MobileDataUsageUITests.xctest */,
				3CBB021D2493653A007CAA97 /* MobileDataUsageTests.xctest */,
			);
			name = Products;
			sourceTree = "<group>";
		};
		3CE694D5249271C50077BA4D /* MobileDataUsage */ = {
			isa = PBXGroup;
			children = (
				3CE694ED2492724F0077BA4D /* Network */,
				3CBB01CE2492A013007CAA97 /* WebService */,
				3CE694EC2492724A0077BA4D /* Model */,
				3CE67CC2249366DD00FC3304 /* Manager */,
				3CE694EE249272590077BA4D /* Shared */,
				3CE694EF2492725E0077BA4D /* Util */,
				3CE694F4249273B50077BA4D /* View */,
				3CE694EB249272440077BA4D /* ViewModel */,
				3CE694EA249272390077BA4D /* ViewController */,
				3CE694D6249271C50077BA4D /* AppDelegate.swift */,
				3CE694D8249271C50077BA4D /* SceneDelegate.swift */,
				3CE694DC249271C50077BA4D /* Main.storyboard */,
				3CE694E1249271C60077BA4D /* LaunchScreen.storyboard */,
				3CE694E4249271C60077BA4D /* Info.plist */,
				3CE695032492949E0077BA4D /* Resources */,
			);
			path = MobileDataUsage;
			sourceTree = "<group>";
		};
		3CE694EA249272390077BA4D /* ViewController */ = {
			isa = PBXGroup;
			children = (
				3CE694F0249272A00077BA4D /* HomeViewController.swift */,
				3CE694F2249272AF0077BA4D /* DetailViewController.swift */,
			);
			path = ViewController;
			sourceTree = "<group>";
		};
		3CE694EB249272440077BA4D /* ViewModel */ = {
			isa = PBXGroup;
			children = (
				3CBB01D12492A427007CAA97 /* ViewModelDelegate.swift */,
				3CBB01D52492A52E007CAA97 /* HomeViewModel.swift */,
				3CBB01E72493479E007CAA97 /* DetailViewModel.swift */,
				3CBB01E324932557007CAA97 /* DataTableViewModel.swift */,
				3CBB01E524934702007CAA97 /* DetailTableViewModel.swift */,
			);
			path = ViewModel;
			sourceTree = "<group>";
		};
		3CE694EC2492724A0077BA4D /* Model */ = {
			isa = PBXGroup;
			children = (
				3CBB01C824929FB5007CAA97 /* MobileDataUsage.swift */,
				3CBB01CA24929FCF007CAA97 /* MobileDataUsageResult.swift */,
				3CBB01CC24929FDF007CAA97 /* MobileDataUsageRecord.swift */,
				3CBB01DF24931E7D007CAA97 /* YearRecord.swift */,
				3CBB01E124931E9F007CAA97 /* QuarterRecord.swift */,
			);
			path = Model;
			sourceTree = "<group>";
		};
		3CE694ED2492724F0077BA4D /* Network */ = {
			isa = PBXGroup;
			children = (
				3CBB01C624929F8C007CAA97 /* Request.swift */,
				3CBB01C424929F6B007CAA97 /* NetworkManager.swift */,
			);
			path = Network;
			sourceTree = "<group>";
		};
		3CE694EE249272590077BA4D /* Shared */ = {
			isa = PBXGroup;
			children = (
				3CBB01C224929F11007CAA97 /* AppConstant.swift */,
			);
			path = Shared;
			sourceTree = "<group>";
		};
		3CE694EF2492725E0077BA4D /* Util */ = {
			isa = PBXGroup;
			children = (
				3CE694FD249278660077BA4D /* CALayerExt.swift */,
				3CBB01D72492AC33007CAA97 /* UIViewControllerExt.swift */,
			);
			path = Util;
			sourceTree = "<group>";
		};
		3CE694F4249273B50077BA4D /* View */ = {
			isa = PBXGroup;
			children = (
				3CE694F5249274610077BA4D /* Cell */,
			);
			path = View;
			sourceTree = "<group>";
		};
		3CE694F5249274610077BA4D /* Cell */ = {
			isa = PBXGroup;
			children = (
				3CE694F6249274950077BA4D /* DataTableViewCell.swift */,
				3CE694F7249274950077BA4D /* DataTableViewCell.xib */,
				3CE694FF24928DEA0077BA4D /* DetailTableViewCell.swift */,
				3CE6950024928DEA0077BA4D /* DetailTableViewCell.xib */,
			);
			path = Cell;
			sourceTree = "<group>";
		};
		3CE695032492949E0077BA4D /* Resources */ = {
			isa = PBXGroup;
			children = (
				3CE694DF249271C60077BA4D /* Assets.xcassets */,
			);
			path = Resources;
			sourceTree = "<group>";
		};
/* End PBXGroup section */

/* Begin PBXNativeTarget section */
		3CBB01FE249364D6007CAA97 /* MobileDataUsageUITests */ = {
			isa = PBXNativeTarget;
			buildConfigurationList = 3CBB0206249364D6007CAA97 /* Build configuration list for PBXNativeTarget "MobileDataUsageUITests" */;
			buildPhases = (
				AB7A46C5D3DE8BB8E6D4E5BC /* [CP] Check Pods Manifest.lock */,
				3CBB01FB249364D6007CAA97 /* Sources */,
				3CBB01FC249364D6007CAA97 /* Frameworks */,
				3CBB01FD249364D6007CAA97 /* Resources */,
				86D7D738EA78A9C2218952BE /* [CP] Embed Pods Frameworks */,
			);
			buildRules = (
			);
			dependencies = (
				3CBB0205249364D6007CAA97 /* PBXTargetDependency */,
			);
			name = MobileDataUsageUITests;
			productName = MobileDataUsageUITests;
			productReference = 3CBB01FF249364D6007CAA97 /* MobileDataUsageUITests.xctest */;
			productType = "com.apple.product-type.bundle.ui-testing";
		};
		3CBB021C2493653A007CAA97 /* MobileDataUsageTests */ = {
			isa = PBXNativeTarget;
			buildConfigurationList = 3CBB02242493653A007CAA97 /* Build configuration list for PBXNativeTarget "MobileDataUsageTests" */;
			buildPhases = (
				E884D901ED472865A4BCCAE9 /* [CP] Check Pods Manifest.lock */,
				3CBB02192493653A007CAA97 /* Sources */,
				3CBB021A2493653A007CAA97 /* Frameworks */,
				3CBB021B2493653A007CAA97 /* Resources */,
			);
			buildRules = (
			);
			dependencies = (
				3CBB02232493653A007CAA97 /* PBXTargetDependency */,
			);
			name = MobileDataUsageTests;
			productName = MobileDataUsageTests;
			productReference = 3CBB021D2493653A007CAA97 /* MobileDataUsageTests.xctest */;
			productType = "com.apple.product-type.bundle.unit-test";
		};
		3CE694D2249271C50077BA4D /* MobileDataUsage */ = {
			isa = PBXNativeTarget;
			buildConfigurationList = 3CE694E7249271C60077BA4D /* Build configuration list for PBXNativeTarget "MobileDataUsage" */;
			buildPhases = (
				A54A8D5796CEE65C48CDD88C /* [CP] Check Pods Manifest.lock */,
				3CE694CF249271C50077BA4D /* Sources */,
				3CE694D0249271C50077BA4D /* Frameworks */,
				3CE694D1249271C50077BA4D /* Resources */,
				52016E5B7D9ACE4170BAB8E7 /* [CP] Embed Pods Frameworks */,
			);
			buildRules = (
			);
			dependencies = (
			);
			name = MobileDataUsage;
			productName = MobileDataUsage;
			productReference = 3CE694D3249271C50077BA4D /* MobileDataUsage.app */;
			productType = "com.apple.product-type.application";
		};
/* End PBXNativeTarget section */

/* Begin PBXProject section */
		3CE694CB249271C50077BA4D /* Project object */ = {
			isa = PBXProject;
			attributes = {
				LastSwiftUpdateCheck = 1150;
				LastUpgradeCheck = 1150;
				ORGANIZATIONNAME = "Andrew Khoo";
				TargetAttributes = {
					3CBB01FE249364D6007CAA97 = {
						CreatedOnToolsVersion = 11.5;
						TestTargetID = 3CE694D2249271C50077BA4D;
					};
					3CBB021C2493653A007CAA97 = {
						CreatedOnToolsVersion = 11.5;
						LastSwiftMigration = 1150;
						TestTargetID = 3CE694D2249271C50077BA4D;
					};
					3CE694D2249271C50077BA4D = {
						CreatedOnToolsVersion = 11.5;
					};
				};
			};
			buildConfigurationList = 3CE694CE249271C50077BA4D /* Build configuration list for PBXProject "MobileDataUsage" */;
			compatibilityVersion = "Xcode 9.3";
			developmentRegion = en;
			hasScannedForEncodings = 0;
			knownRegions = (
				en,
				Base,
			);
			mainGroup = 3CE694CA249271C50077BA4D;
			productRefGroup = 3CE694D4249271C50077BA4D /* Products */;
			projectDirPath = "";
			projectRoot = "";
			targets = (
				3CE694D2249271C50077BA4D /* MobileDataUsage */,
				3CBB021C2493653A007CAA97 /* MobileDataUsageTests */,
				3CBB01FE249364D6007CAA97 /* MobileDataUsageUITests */,
			);
		};
/* End PBXProject section */

/* Begin PBXResourcesBuildPhase section */
		3CBB01FD249364D6007CAA97 /* Resources */ = {
			isa = PBXResourcesBuildPhase;
			buildActionMask = 2147483647;
			files = (
			);
			runOnlyForDeploymentPostprocessing = 0;
		};
		3CBB021B2493653A007CAA97 /* Resources */ = {
			isa = PBXResourcesBuildPhase;
			buildActionMask = 2147483647;
			files = (
				3CE67CCB2493A5DA00FC3304 /* sample_data.json in Resources */,
			);
			runOnlyForDeploymentPostprocessing = 0;
		};
		3CE694D1249271C50077BA4D /* Resources */ = {
			isa = PBXResourcesBuildPhase;
			buildActionMask = 2147483647;
			files = (
				3CE694E3249271C60077BA4D /* LaunchScreen.storyboard in Resources */,
				3CE6950224928DEA0077BA4D /* DetailTableViewCell.xib in Resources */,
				3CE694E0249271C60077BA4D /* Assets.xcassets in Resources */,
				3CE694DE249271C50077BA4D /* Main.storyboard in Resources */,
				3CE694F9249274950077BA4D /* DataTableViewCell.xib in Resources */,
			);
			runOnlyForDeploymentPostprocessing = 0;
		};
/* End PBXResourcesBuildPhase section */

/* Begin PBXShellScriptBuildPhase section */
		52016E5B7D9ACE4170BAB8E7 /* [CP] Embed Pods Frameworks */ = {
			isa = PBXShellScriptBuildPhase;
			buildActionMask = 2147483647;
			files = (
			);
			inputFileListPaths = (
				"${PODS_ROOT}/Target Support Files/Pods-MobileDataUsage/Pods-MobileDataUsage-frameworks-${CONFIGURATION}-input-files.xcfilelist",
			);
			name = "[CP] Embed Pods Frameworks";
			outputFileListPaths = (
				"${PODS_ROOT}/Target Support Files/Pods-MobileDataUsage/Pods-MobileDataUsage-frameworks-${CONFIGURATION}-output-files.xcfilelist",
			);
			runOnlyForDeploymentPostprocessing = 0;
			shellPath = /bin/sh;
			shellScript = "\"${PODS_ROOT}/Target Support Files/Pods-MobileDataUsage/Pods-MobileDataUsage-frameworks.sh\"\n";
			showEnvVarsInLog = 0;
		};
		86D7D738EA78A9C2218952BE /* [CP] Embed Pods Frameworks */ = {
			isa = PBXShellScriptBuildPhase;
			buildActionMask = 2147483647;
			files = (
			);
			inputFileListPaths = (
				"${PODS_ROOT}/Target Support Files/Pods-MobileDataUsage-MobileDataUsageUITests/Pods-MobileDataUsage-MobileDataUsageUITests-frameworks-${CONFIGURATION}-input-files.xcfilelist",
			);
			name = "[CP] Embed Pods Frameworks";
			outputFileListPaths = (
				"${PODS_ROOT}/Target Support Files/Pods-MobileDataUsage-MobileDataUsageUITests/Pods-MobileDataUsage-MobileDataUsageUITests-frameworks-${CONFIGURATION}-output-files.xcfilelist",
			);
			runOnlyForDeploymentPostprocessing = 0;
			shellPath = /bin/sh;
			shellScript = "\"${PODS_ROOT}/Target Support Files/Pods-MobileDataUsage-MobileDataUsageUITests/Pods-MobileDataUsage-MobileDataUsageUITests-frameworks.sh\"\n";
			showEnvVarsInLog = 0;
		};
		A54A8D5796CEE65C48CDD88C /* [CP] Check Pods Manifest.lock */ = {
			isa = PBXShellScriptBuildPhase;
			buildActionMask = 2147483647;
			files = (
			);
			inputFileListPaths = (
			);
			inputPaths = (
				"${PODS_PODFILE_DIR_PATH}/Podfile.lock",
				"${PODS_ROOT}/Manifest.lock",
			);
			name = "[CP] Check Pods Manifest.lock";
			outputFileListPaths = (
			);
			outputPaths = (
				"$(DERIVED_FILE_DIR)/Pods-MobileDataUsage-checkManifestLockResult.txt",
			);
			runOnlyForDeploymentPostprocessing = 0;
			shellPath = /bin/sh;
			shellScript = "diff \"${PODS_PODFILE_DIR_PATH}/Podfile.lock\" \"${PODS_ROOT}/Manifest.lock\" > /dev/null\nif [ $? != 0 ] ; then\n    # print error to STDERR\n    echo \"error: The sandbox is not in sync with the Podfile.lock. Run 'pod install' or update your CocoaPods installation.\" >&2\n    exit 1\nfi\n# This output is used by Xcode 'outputs' to avoid re-running this script phase.\necho \"SUCCESS\" > \"${SCRIPT_OUTPUT_FILE_0}\"\n";
			showEnvVarsInLog = 0;
		};
		AB7A46C5D3DE8BB8E6D4E5BC /* [CP] Check Pods Manifest.lock */ = {
			isa = PBXShellScriptBuildPhase;
			buildActionMask = 2147483647;
			files = (
			);
			inputFileListPaths = (
			);
			inputPaths = (
				"${PODS_PODFILE_DIR_PATH}/Podfile.lock",
				"${PODS_ROOT}/Manifest.lock",
			);
			name = "[CP] Check Pods Manifest.lock";
			outputFileListPaths = (
			);
			outputPaths = (
				"$(DERIVED_FILE_DIR)/Pods-MobileDataUsage-MobileDataUsageUITests-checkManifestLockResult.txt",
			);
			runOnlyForDeploymentPostprocessing = 0;
			shellPath = /bin/sh;
			shellScript = "diff \"${PODS_PODFILE_DIR_PATH}/Podfile.lock\" \"${PODS_ROOT}/Manifest.lock\" > /dev/null\nif [ $? != 0 ] ; then\n    # print error to STDERR\n    echo \"error: The sandbox is not in sync with the Podfile.lock. Run 'pod install' or update your CocoaPods installation.\" >&2\n    exit 1\nfi\n# This output is used by Xcode 'outputs' to avoid re-running this script phase.\necho \"SUCCESS\" > \"${SCRIPT_OUTPUT_FILE_0}\"\n";
			showEnvVarsInLog = 0;
		};
		E884D901ED472865A4BCCAE9 /* [CP] Check Pods Manifest.lock */ = {
			isa = PBXShellScriptBuildPhase;
			buildActionMask = 2147483647;
			files = (
			);
			inputFileListPaths = (
			);
			inputPaths = (
				"${PODS_PODFILE_DIR_PATH}/Podfile.lock",
				"${PODS_ROOT}/Manifest.lock",
			);
			name = "[CP] Check Pods Manifest.lock";
			outputFileListPaths = (
			);
			outputPaths = (
				"$(DERIVED_FILE_DIR)/Pods-MobileDataUsageTests-checkManifestLockResult.txt",
			);
			runOnlyForDeploymentPostprocessing = 0;
			shellPath = /bin/sh;
			shellScript = "diff \"${PODS_PODFILE_DIR_PATH}/Podfile.lock\" \"${PODS_ROOT}/Manifest.lock\" > /dev/null\nif [ $? != 0 ] ; then\n    # print error to STDERR\n    echo \"error: The sandbox is not in sync with the Podfile.lock. Run 'pod install' or update your CocoaPods installation.\" >&2\n    exit 1\nfi\n# This output is used by Xcode 'outputs' to avoid re-running this script phase.\necho \"SUCCESS\" > \"${SCRIPT_OUTPUT_FILE_0}\"\n";
			showEnvVarsInLog = 0;
		};
/* End PBXShellScriptBuildPhase section */

/* Begin PBXSourcesBuildPhase section */
		3CBB01FB249364D6007CAA97 /* Sources */ = {
			isa = PBXSourcesBuildPhase;
			buildActionMask = 2147483647;
			files = (
				3CBB0202249364D6007CAA97 /* MobileDataUsageUITests.swift in Sources */,
			);
			runOnlyForDeploymentPostprocessing = 0;
		};
		3CBB02192493653A007CAA97 /* Sources */ = {
			isa = PBXSourcesBuildPhase;
			buildActionMask = 2147483647;
			files = (
				3CE67CCD2493A5EF00FC3304 /* HomeTests.swift in Sources */,
				3C3F198F2493CB1000779453 /* WebServiceTests.swift in Sources */,
				3C3F19912493D22600779453 /* DetailTests.swift in Sources */,
				3C3F198D2493C4F400779453 /* RealmTests.swift in Sources */,
			);
			runOnlyForDeploymentPostprocessing = 0;
		};
		3CE694CF249271C50077BA4D /* Sources */ = {
			isa = PBXSourcesBuildPhase;
			buildActionMask = 2147483647;
			files = (
				3CBB01D62492A52E007CAA97 /* HomeViewModel.swift in Sources */,
				3CBB01CD24929FDF007CAA97 /* MobileDataUsageRecord.swift in Sources */,
				3CBB01C924929FB5007CAA97 /* MobileDataUsage.swift in Sources */,
				3CBB01E024931E7D007CAA97 /* YearRecord.swift in Sources */,
				3CBB01C524929F6B007CAA97 /* NetworkManager.swift in Sources */,
				3CE67CC42493677900FC3304 /* RealmManager.swift in Sources */,
				3CE694D7249271C50077BA4D /* AppDelegate.swift in Sources */,
				3CE694D9249271C50077BA4D /* SceneDelegate.swift in Sources */,
				3CE6950124928DEA0077BA4D /* DetailTableViewCell.swift in Sources */,
				3CE694F8249274950077BA4D /* DataTableViewCell.swift in Sources */,
				3CBB01E82493479E007CAA97 /* DetailViewModel.swift in Sources */,
				3CE694F1249272A00077BA4D /* HomeViewController.swift in Sources */,
				3CE694F3249272AF0077BA4D /* DetailViewController.swift in Sources */,
				3CBB01D82492AC33007CAA97 /* UIViewControllerExt.swift in Sources */,
				3CBB01E224931E9F007CAA97 /* QuarterRecord.swift in Sources */,
				3CBB01CB24929FCF007CAA97 /* MobileDataUsageResult.swift in Sources */,
				3CBB01D02492A02F007CAA97 /* MobileDataUsageService.swift in Sources */,
				3CBB01D22492A427007CAA97 /* ViewModelDelegate.swift in Sources */,
				3CBB01C724929F8C007CAA97 /* Request.swift in Sources */,
				3CBB01E424932557007CAA97 /* DataTableViewModel.swift in Sources */,
				3CBB01E624934702007CAA97 /* DetailTableViewModel.swift in Sources */,
				3CE694FE249278660077BA4D /* CALayerExt.swift in Sources */,
				3CBB01C324929F11007CAA97 /* AppConstant.swift in Sources */,
			);
			runOnlyForDeploymentPostprocessing = 0;
		};
/* End PBXSourcesBuildPhase section */

/* Begin PBXTargetDependency section */
		3CBB0205249364D6007CAA97 /* PBXTargetDependency */ = {
			isa = PBXTargetDependency;
			target = 3CE694D2249271C50077BA4D /* MobileDataUsage */;
			targetProxy = 3CBB0204249364D6007CAA97 /* PBXContainerItemProxy */;
		};
		3CBB02232493653A007CAA97 /* PBXTargetDependency */ = {
			isa = PBXTargetDependency;
			target = 3CE694D2249271C50077BA4D /* MobileDataUsage */;
			targetProxy = 3CBB02222493653A007CAA97 /* PBXContainerItemProxy */;
		};
/* End PBXTargetDependency section */

/* Begin PBXVariantGroup section */
		3CE694DC249271C50077BA4D /* Main.storyboard */ = {
			isa = PBXVariantGroup;
			children = (
				3CE694DD249271C50077BA4D /* Base */,
			);
			name = Main.storyboard;
			sourceTree = "<group>";
		};
		3CE694E1249271C60077BA4D /* LaunchScreen.storyboard */ = {
			isa = PBXVariantGroup;
			children = (
				3CE694E2249271C60077BA4D /* Base */,
			);
			name = LaunchScreen.storyboard;
			sourceTree = "<group>";
		};
/* End PBXVariantGroup section */

/* Begin XCBuildConfiguration section */
		3CBB0207249364D6007CAA97 /* Debug */ = {
			isa = XCBuildConfiguration;
			baseConfigurationReference = 5CF5CB7FEA3D2FFFC0AE0F61 /* Pods-MobileDataUsage-MobileDataUsageUITests.debug.xcconfig */;
			buildSettings = {
				CODE_SIGN_STYLE = Automatic;
				DEVELOPMENT_TEAM = "";
				INFOPLIST_FILE = MobileDataUsageUITests/Info.plist;
				IPHONEOS_DEPLOYMENT_TARGET = 11.0;
				LD_RUNPATH_SEARCH_PATHS = (
					"$(inherited)",
					"@executable_path/Frameworks",
					"@loader_path/Frameworks",
				);
				PRODUCT_BUNDLE_IDENTIFIER = com.korvac.MobileDataUsageUITests;
				PRODUCT_NAME = "$(TARGET_NAME)";
				SWIFT_VERSION = 5.0;
				TARGETED_DEVICE_FAMILY = "1,2";
				TEST_TARGET_NAME = MobileDataUsage;
			};
			name = Debug;
		};
		3CBB0208249364D6007CAA97 /* Release */ = {
			isa = XCBuildConfiguration;
			baseConfigurationReference = 11B49154D4486150E85409EE /* Pods-MobileDataUsage-MobileDataUsageUITests.release.xcconfig */;
			buildSettings = {
				CODE_SIGN_STYLE = Automatic;
				DEVELOPMENT_TEAM = "";
				INFOPLIST_FILE = MobileDataUsageUITests/Info.plist;
				IPHONEOS_DEPLOYMENT_TARGET = 11.0;
				LD_RUNPATH_SEARCH_PATHS = (
					"$(inherited)",
					"@executable_path/Frameworks",
					"@loader_path/Frameworks",
				);
				PRODUCT_BUNDLE_IDENTIFIER = com.korvac.MobileDataUsageUITests;
				PRODUCT_NAME = "$(TARGET_NAME)";
				SWIFT_VERSION = 5.0;
				TARGETED_DEVICE_FAMILY = "1,2";
				TEST_TARGET_NAME = MobileDataUsage;
			};
			name = Release;
		};
		3CBB02252493653A007CAA97 /* Debug */ = {
			isa = XCBuildConfiguration;
			baseConfigurationReference = 62D067D0CF8DDD672244B08A /* Pods-MobileDataUsageTests.debug.xcconfig */;
			buildSettings = {
				BUNDLE_LOADER = "$(TEST_HOST)";
				CLANG_ENABLE_MODULES = YES;
				CODE_SIGN_STYLE = Automatic;
				INFOPLIST_FILE = MobileDataUsageTests/Info.plist;
				IPHONEOS_DEPLOYMENT_TARGET = 11.0;
				LD_RUNPATH_SEARCH_PATHS = (
					"$(inherited)",
					"@executable_path/Frameworks",
					"@loader_path/Frameworks",
				);
				PRODUCT_BUNDLE_IDENTIFIER = com.korvac.MobileDataUsageTests;
				PRODUCT_NAME = "$(TARGET_NAME)";
				SWIFT_OPTIMIZATION_LEVEL = "-Onone";
				SWIFT_VERSION = 5.0;
				TARGETED_DEVICE_FAMILY = "1,2";
				TEST_HOST = "$(BUILT_PRODUCTS_DIR)/MobileDataUsage.app/MobileDataUsage";
			};
			name = Debug;
		};
		3CBB02262493653A007CAA97 /* Release */ = {
			isa = XCBuildConfiguration;
			baseConfigurationReference = 2B5F4494FBFD8DF1FD052A29 /* Pods-MobileDataUsageTests.release.xcconfig */;
			buildSettings = {
				BUNDLE_LOADER = "$(TEST_HOST)";
				CLANG_ENABLE_MODULES = YES;
				CODE_SIGN_STYLE = Automatic;
				INFOPLIST_FILE = MobileDataUsageTests/Info.plist;
				IPHONEOS_DEPLOYMENT_TARGET = 11.0;
				LD_RUNPATH_SEARCH_PATHS = (
					"$(inherited)",
					"@executable_path/Frameworks",
					"@loader_path/Frameworks",
				);
				PRODUCT_BUNDLE_IDENTIFIER = com.korvac.MobileDataUsageTests;
				PRODUCT_NAME = "$(TARGET_NAME)";
				SWIFT_VERSION = 5.0;
				TARGETED_DEVICE_FAMILY = "1,2";
				TEST_HOST = "$(BUILT_PRODUCTS_DIR)/MobileDataUsage.app/MobileDataUsage";
			};
			name = Release;
		};
		3CE694E5249271C60077BA4D /* Debug */ = {
			isa = XCBuildConfiguration;
			buildSettings = {
				ALWAYS_SEARCH_USER_PATHS = NO;
				CLANG_ANALYZER_NONNULL = YES;
				CLANG_ANALYZER_NUMBER_OBJECT_CONVERSION = YES_AGGRESSIVE;
				CLANG_CXX_LANGUAGE_STANDARD = "gnu++14";
				CLANG_CXX_LIBRARY = "libc++";
				CLANG_ENABLE_MODULES = YES;
				CLANG_ENABLE_OBJC_ARC = YES;
				CLANG_ENABLE_OBJC_WEAK = YES;
				CLANG_WARN_BLOCK_CAPTURE_AUTORELEASING = YES;
				CLANG_WARN_BOOL_CONVERSION = YES;
				CLANG_WARN_COMMA = YES;
				CLANG_WARN_CONSTANT_CONVERSION = YES;
				CLANG_WARN_DEPRECATED_OBJC_IMPLEMENTATIONS = YES;
				CLANG_WARN_DIRECT_OBJC_ISA_USAGE = YES_ERROR;
				CLANG_WARN_DOCUMENTATION_COMMENTS = YES;
				CLANG_WARN_EMPTY_BODY = YES;
				CLANG_WARN_ENUM_CONVERSION = YES;
				CLANG_WARN_INFINITE_RECURSION = YES;
				CLANG_WARN_INT_CONVERSION = YES;
				CLANG_WARN_NON_LITERAL_NULL_CONVERSION = YES;
				CLANG_WARN_OBJC_IMPLICIT_RETAIN_SELF = YES;
				CLANG_WARN_OBJC_LITERAL_CONVERSION = YES;
				CLANG_WARN_OBJC_ROOT_CLASS = YES_ERROR;
				CLANG_WARN_RANGE_LOOP_ANALYSIS = YES;
				CLANG_WARN_STRICT_PROTOTYPES = YES;
				CLANG_WARN_SUSPICIOUS_MOVE = YES;
				CLANG_WARN_UNGUARDED_AVAILABILITY = YES_AGGRESSIVE;
				CLANG_WARN_UNREACHABLE_CODE = YES;
				CLANG_WARN__DUPLICATE_METHOD_MATCH = YES;
				COPY_PHASE_STRIP = NO;
				DEBUG_INFORMATION_FORMAT = dwarf;
				ENABLE_STRICT_OBJC_MSGSEND = YES;
				ENABLE_TESTABILITY = YES;
				GCC_C_LANGUAGE_STANDARD = gnu11;
				GCC_DYNAMIC_NO_PIC = NO;
				GCC_NO_COMMON_BLOCKS = YES;
				GCC_OPTIMIZATION_LEVEL = 0;
				GCC_PREPROCESSOR_DEFINITIONS = (
					"DEBUG=1",
					"$(inherited)",
				);
				GCC_WARN_64_TO_32_BIT_CONVERSION = YES;
				GCC_WARN_ABOUT_RETURN_TYPE = YES_ERROR;
				GCC_WARN_UNDECLARED_SELECTOR = YES;
				GCC_WARN_UNINITIALIZED_AUTOS = YES_AGGRESSIVE;
				GCC_WARN_UNUSED_FUNCTION = YES;
				GCC_WARN_UNUSED_VARIABLE = YES;
				IPHONEOS_DEPLOYMENT_TARGET = 10.0;
				MTL_ENABLE_DEBUG_INFO = INCLUDE_SOURCE;
				MTL_FAST_MATH = YES;
				ONLY_ACTIVE_ARCH = YES;
				SDKROOT = iphoneos;
				SWIFT_ACTIVE_COMPILATION_CONDITIONS = DEBUG;
				SWIFT_OPTIMIZATION_LEVEL = "-Onone";
			};
			name = Debug;
		};
		3CE694E6249271C60077BA4D /* Release */ = {
			isa = XCBuildConfiguration;
			buildSettings = {
				ALWAYS_SEARCH_USER_PATHS = NO;
				CLANG_ANALYZER_NONNULL = YES;
				CLANG_ANALYZER_NUMBER_OBJECT_CONVERSION = YES_AGGRESSIVE;
				CLANG_CXX_LANGUAGE_STANDARD = "gnu++14";
				CLANG_CXX_LIBRARY = "libc++";
				CLANG_ENABLE_MODULES = YES;
				CLANG_ENABLE_OBJC_ARC = YES;
				CLANG_ENABLE_OBJC_WEAK = YES;
				CLANG_WARN_BLOCK_CAPTURE_AUTORELEASING = YES;
				CLANG_WARN_BOOL_CONVERSION = YES;
				CLANG_WARN_COMMA = YES;
				CLANG_WARN_CONSTANT_CONVERSION = YES;
				CLANG_WARN_DEPRECATED_OBJC_IMPLEMENTATIONS = YES;
				CLANG_WARN_DIRECT_OBJC_ISA_USAGE = YES_ERROR;
				CLANG_WARN_DOCUMENTATION_COMMENTS = YES;
				CLANG_WARN_EMPTY_BODY = YES;
				CLANG_WARN_ENUM_CONVERSION = YES;
				CLANG_WARN_INFINITE_RECURSION = YES;
				CLANG_WARN_INT_CONVERSION = YES;
				CLANG_WARN_NON_LITERAL_NULL_CONVERSION = YES;
				CLANG_WARN_OBJC_IMPLICIT_RETAIN_SELF = YES;
				CLANG_WARN_OBJC_LITERAL_CONVERSION = YES;
				CLANG_WARN_OBJC_ROOT_CLASS = YES_ERROR;
				CLANG_WARN_RANGE_LOOP_ANALYSIS = YES;
				CLANG_WARN_STRICT_PROTOTYPES = YES;
				CLANG_WARN_SUSPICIOUS_MOVE = YES;
				CLANG_WARN_UNGUARDED_AVAILABILITY = YES_AGGRESSIVE;
				CLANG_WARN_UNREACHABLE_CODE = YES;
				CLANG_WARN__DUPLICATE_METHOD_MATCH = YES;
				COPY_PHASE_STRIP = NO;
				DEBUG_INFORMATION_FORMAT = "dwarf-with-dsym";
				ENABLE_NS_ASSERTIONS = NO;
				ENABLE_STRICT_OBJC_MSGSEND = YES;
				GCC_C_LANGUAGE_STANDARD = gnu11;
				GCC_NO_COMMON_BLOCKS = YES;
				GCC_WARN_64_TO_32_BIT_CONVERSION = YES;
				GCC_WARN_ABOUT_RETURN_TYPE = YES_ERROR;
				GCC_WARN_UNDECLARED_SELECTOR = YES;
				GCC_WARN_UNINITIALIZED_AUTOS = YES_AGGRESSIVE;
				GCC_WARN_UNUSED_FUNCTION = YES;
				GCC_WARN_UNUSED_VARIABLE = YES;
				IPHONEOS_DEPLOYMENT_TARGET = 10.0;
				MTL_ENABLE_DEBUG_INFO = NO;
				MTL_FAST_MATH = YES;
				SDKROOT = iphoneos;
				SWIFT_COMPILATION_MODE = wholemodule;
				SWIFT_OPTIMIZATION_LEVEL = "-O";
				VALIDATE_PRODUCT = YES;
			};
			name = Release;
		};
		3CE694E8249271C60077BA4D /* Debug */ = {
			isa = XCBuildConfiguration;
			baseConfigurationReference = 62E8DEDAA76DC89B52C6ECFC /* Pods-MobileDataUsage.debug.xcconfig */;
			buildSettings = {
				ASSETCATALOG_COMPILER_APPICON_NAME = AppIcon;
				CODE_SIGN_STYLE = Automatic;
				DEVELOPMENT_TEAM = TVRRV2E4RN;
				INFOPLIST_FILE = MobileDataUsage/Info.plist;
				LD_RUNPATH_SEARCH_PATHS = (
					"$(inherited)",
					"@executable_path/Frameworks",
				);
				PRODUCT_BUNDLE_IDENTIFIER = com.korvac.MobileDataUsage;
				PRODUCT_NAME = "$(TARGET_NAME)";
				SWIFT_VERSION = 5.0;
				TARGETED_DEVICE_FAMILY = 1;
			};
			name = Debug;
		};
		3CE694E9249271C60077BA4D /* Release */ = {
			isa = XCBuildConfiguration;
			baseConfigurationReference = E43E9F6B57F616467CC73388 /* Pods-MobileDataUsage.release.xcconfig */;
			buildSettings = {
				ASSETCATALOG_COMPILER_APPICON_NAME = AppIcon;
				CODE_SIGN_STYLE = Automatic;
				DEVELOPMENT_TEAM = TVRRV2E4RN;
				INFOPLIST_FILE = MobileDataUsage/Info.plist;
				LD_RUNPATH_SEARCH_PATHS = (
					"$(inherited)",
					"@executable_path/Frameworks",
				);
				PRODUCT_BUNDLE_IDENTIFIER = com.korvac.MobileDataUsage;
				PRODUCT_NAME = "$(TARGET_NAME)";
				SWIFT_VERSION = 5.0;
				TARGETED_DEVICE_FAMILY = 1;
			};
			name = Release;
		};
/* End XCBuildConfiguration section */

/* Begin XCConfigurationList section */
		3CBB0206249364D6007CAA97 /* Build configuration list for PBXNativeTarget "MobileDataUsageUITests" */ = {
			isa = XCConfigurationList;
			buildConfigurations = (
				3CBB0207249364D6007CAA97 /* Debug */,
				3CBB0208249364D6007CAA97 /* Release */,
			);
			defaultConfigurationIsVisible = 0;
			defaultConfigurationName = Release;
		};
		3CBB02242493653A007CAA97 /* Build configuration list for PBXNativeTarget "MobileDataUsageTests" */ = {
			isa = XCConfigurationList;
			buildConfigurations = (
				3CBB02252493653A007CAA97 /* Debug */,
				3CBB02262493653A007CAA97 /* Release */,
			);
			defaultConfigurationIsVisible = 0;
			defaultConfigurationName = Release;
		};
		3CE694CE249271C50077BA4D /* Build configuration list for PBXProject "MobileDataUsage" */ = {
			isa = XCConfigurationList;
			buildConfigurations = (
				3CE694E5249271C60077BA4D /* Debug */,
				3CE694E6249271C60077BA4D /* Release */,
			);
			defaultConfigurationIsVisible = 0;
			defaultConfigurationName = Release;
		};
		3CE694E7249271C60077BA4D /* Build configuration list for PBXNativeTarget "MobileDataUsage" */ = {
			isa = XCConfigurationList;
			buildConfigurations = (
				3CE694E8249271C60077BA4D /* Debug */,
				3CE694E9249271C60077BA4D /* Release */,
			);
			defaultConfigurationIsVisible = 0;
			defaultConfigurationName = Release;
		};
/* End XCConfigurationList section */
	};
	rootObject = 3CE694CB249271C50077BA4D /* Project object */;
}
